
Microsoft Visual Studio Solution File, Format Version 12.00
# Visual Studio Version 17
VisualStudioVersion = 17.14.36717.8
MinimumVisualStudioVersion = 10.0.40219.1
Project("{FAE04EC0-301F-11D3-BF4B-00C04F79EFBC}") = "AuthenticationAPI", "AuthenticationAPI\AuthenticationAPI.csproj", "{7D80B3AB-FD2B-4DA8-B0DA-96D7F6DFD131}"
EndProject
Project("{00D1A9C2-B5F0-4AF3-8072-F6C62B433612}") = "AuthenticationAPIDatabase", "DatabaseProject\AuthenticationAPIDatabase.sqlproj", "{226B5ECD-355E-49D7-8113-7D107C029DBC}"
EndProject
Project("{2150E333-8FDC-42A3-9474-1A3956D46DE8}") = "Solution Items", "Solution Items", "{02EA681E-C7D8-13C7-8484-4AC65E1B71E8}"
	ProjectSection(SolutionItems) = preProject
		.editorconfig = .editorconfig
	EndProjectSection
EndProject
Global
	GlobalSection(SolutionConfigurationPlatforms) = preSolution
		Debug|Any CPU = Debug|Any CPU
		Release|Any CPU = Release|Any CPU
	EndGlobalSection
	GlobalSection(ProjectConfigurationPlatforms) = postSolution
		{7D80B3AB-FD2B-4DA8-B0DA-96D7F6DFD131}.Debug|Any CPU.ActiveCfg = Debug|Any CPU
		{7D80B3AB-FD2B-4DA8-B0DA-96D7F6DFD131}.Debug|Any CPU.Build.0 = Debug|Any CPU
		{7D80B3AB-FD2B-4DA8-B0DA-96D7F6DFD131}.Release|Any CPU.ActiveCfg = Release|Any CPU
		{7D80B3AB-FD2B-4DA8-B0DA-96D7F6DFD131}.Release|Any CPU.Build.0 = Release|Any CPU
		{226B5ECD-355E-49D7-8113-7D107C029DBC}.Debug|Any CPU.ActiveCfg = Debug|Any CPU
		{226B5ECD-355E-49D7-8113-7D107C029DBC}.Debug|Any CPU.Build.0 = Debug|Any CPU
		{226B5ECD-355E-49D7-8113-7D107C029DBC}.Debug|Any CPU.Deploy.0 = Debug|Any CPU
		{226B5ECD-355E-49D7-8113-7D107C029DBC}.Release|Any CPU.ActiveCfg = Release|Any CPU
		{226B5ECD-355E-49D7-8113-7D107C029DBC}.Release|Any CPU.Build.0 = Release|Any CPU
		{226B5ECD-355E-49D7-8113-7D107C029DBC}.Release|Any CPU.Deploy.0 = Release|Any CPU
	EndGlobalSection
	GlobalSection(SolutionProperties) = preSolution
		HideSolutionNode = FALSE
	EndGlobalSection
	GlobalSection(ExtensibilityGlobals) = postSolution
		SolutionGuid = {BA920142-FE7A-4DBA-80DA-DBCA49834C46}
	EndGlobalSection
EndGlobal
